
Microsoft Visual Studio Solution File, Format Version 12.00
# Visual Studio Version 16
VisualStudioVersion = 16.0.31019.35
MinimumVisualStudioVersion = 10.0.40219.1
Project("{FAE04EC0-301F-11D3-BF4B-00C04F79EFBC}") = "Cookie.Server", "Cookie\Server\Cookie.Server.csproj", "{2CFCBE8C-7321-47BD-A166-F889DD72B312}"
EndProject
Project("{FAE04EC0-301F-11D3-BF4B-00C04F79EFBC}") = "Cookie.Client", "Cookie\Client\Cookie.Client.csproj", "{1E3A75B9-1BF0-4C69-96CE-633334414D05}"
EndProject
Project("{FAE04EC0-301F-11D3-BF4B-00C04F79EFBC}") = "Cookie.Shared", "Cookie\Shared\Cookie.Shared.csproj", "{7811FEB1-2B2F-4BF4-A70E-4F391F988654}"
EndProject
Global
	GlobalSection(SolutionConfigurationPlatforms) = preSolution
		Debug|Any CPU = Debug|Any CPU
		Release|Any CPU = Release|Any CPU
	EndGlobalSection
	GlobalSection(ProjectConfigurationPlatforms) = postSolution
		{2CFCBE8C-7321-47BD-A166-F889DD72B312}.Debug|Any CPU.ActiveCfg = Debug|Any CPU
		{2CFCBE8C-7321-47BD-A166-F889DD72B312}.Debug|Any CPU.Build.0 = Debug|Any CPU
		{2CFCBE8C-7321-47BD-A166-F889DD72B312}.Release|Any CPU.ActiveCfg = Release|Any CPU
		{2CFCBE8C-7321-47BD-A166-F889DD72B312}.Release|Any CPU.Build.0 = Release|Any CPU
		{1E3A75B9-1BF0-4C69-96CE-633334414D05}.Debug|Any CPU.ActiveCfg = Debug|Any CPU
		{1E3A75B9-1BF0-4C69-96CE-633334414D05}.Debug|Any CPU.Build.0 = Debug|Any CPU
		{1E3A75B9-1BF0-4C69-96CE-633334414D05}.Release|Any CPU.ActiveCfg = Release|Any CPU
		{1E3A75B9-1BF0-4C69-96CE-633334414D05}.Release|Any CPU.Build.0 = Release|Any CPU
		{7811FEB1-2B2F-4BF4-A70E-4F391F988654}.Debug|Any CPU.ActiveCfg = Debug|Any CPU
		{7811FEB1-2B2F-4BF4-A70E-4F391F988654}.Debug|Any CPU.Build.0 = Debug|Any CPU
		{7811FEB1-2B2F-4BF4-A70E-4F391F988654}.Release|Any CPU.ActiveCfg = Release|Any CPU
		{7811FEB1-2B2F-4BF4-A70E-4F391F988654}.Release|Any CPU.Build.0 = Release|Any CPU
	EndGlobalSection
	GlobalSection(SolutionProperties) = preSolution
		HideSolutionNode = FALSE
	EndGlobalSection
	GlobalSection(ExtensibilityGlobals) = postSolution
		SolutionGuid = {E092D5E5-02D1-4465-9747-2344FD3AB64D}
	EndGlobalSection
EndGlobal
